
Microsoft Visual Studio Solution File, Format Version 11.00
# Visual Studio 2010
Project("{FAE04EC0-301F-11D3-BF4B-00C04F79EFBC}") = "RecruitYourOwnCulture", "RecruitYourOwnCulture.csproj", "{926578DE-ACE2-4392-A9BB-8CFD8C4D5288}"
EndProject
Global
	GlobalSection(SolutionConfigurationPlatforms) = preSolution
		Debug|Any CPU = Debug|Any CPU
		Release|Any CPU = Release|Any CPU
	EndGlobalSection
	GlobalSection(ProjectConfigurationPlatforms) = postSolution
		{926578DE-ACE2-4392-A9BB-8CFD8C4D5288}.Debug|Any CPU.ActiveCfg = Debug|Any CPU
		{926578DE-ACE2-4392-A9BB-8CFD8C4D5288}.Debug|Any CPU.Build.0 = Debug|Any CPU
		{926578DE-ACE2-4392-A9BB-8CFD8C4D5288}.Release|Any CPU.ActiveCfg = Release|Any CPU
		{926578DE-ACE2-4392-A9BB-8CFD8C4D5288}.Release|Any CPU.Build.0 = Release|Any CPU
	EndGlobalSection
	GlobalSection(SolutionProperties) = preSolution
		HideSolutionNode = FALSE
	EndGlobalSection
EndGlobal
